{
  "originHash" : "add1d3af746644900a0cf0a8d44bc5fc536eb9cf852f87a368049695d9dae360",
  "pins" : [
    {
      "identity" : "ffmpegkit",
      "kind" : "remoteSourceControl",
      "location" : "https://github.com/kingslay/FFmpegKit.git",
      "state" : {
        "branch" : "main",
        "revision" : "d7048037a2eb94a3b08113fbf43aa92bdcb332d9"
      }
    },
    {
      "identity" : "swiftui-toasts",
      "kind" : "remoteSourceControl",
      "location" : "https://github.com/sunghyun-k/swiftui-toasts",
      "state" : {
        "revision" : "bc1224753c894b3d50fcced57632a2372d924852",
        "version" : "1.0.2"
      }
    },
    {
      "identity" : "swiftui-window-overlay",
      "kind" : "remoteSourceControl",
      "location" : "https://github.com/sunghyun-k/swiftui-window-overlay.git",
      "state" : {
        "revision" : "46739300713772a62a3bf31d77f8f23ba9cf61f7",
        "version" : "1.0.2"
      }
    }
  ],
  "version" : 3
}
